<?xml version="1.0" encoding="utf-8"?>
<Project ToolsVersion="4.0" xmlns="http://schemas.microsoft.com/developer/msbuild/2003">
  <ItemGroup>
    <ClCompile Include="Button.cpp">
      <Filter>Game\GUI</Filter>
    </ClCompile>
    <ClCompile Include="Color.cpp">
      <Filter>Game\Helpers</Filter>
    </ClCompile>
    <ClCompile Include="Console.cpp">
      <Filter>Game\Modules</Filter>
    </ClCompile>
    <ClCompile Include="DynamicEntity.cpp">
      <Filter>Game\Entities</Filter>
    </ClCompile>
    <ClCompile Include="Entity.cpp">
      <Filter>Game\Entities</Filter>
    </ClCompile>
    <ClCompile Include="FileSystem.cpp">
      <Filter>Game\Modules</Filter>
    </ClCompile>
    <ClCompile Include="Fonts.cpp">
      <Filter>Game\Modules</Filter>
    </ClCompile>
    <ClCompile Include="GUIElem.cpp">
      <Filter>Game\GUI</Filter>
    </ClCompile>
    <ClCompile Include="InputBox.cpp">
      <Filter>Game\GUI</Filter>
    </ClCompile>
    <ClCompile Include="GUIWindow.cpp">
      <Filter>Game\GUI</Filter>
    </ClCompile>
    <ClCompile Include="Label.cpp">
      <Filter>Game\GUI</Filter>
    </ClCompile>
    <ClCompile Include="Log.cpp">
      <Filter>Game\Helpers</Filter>
    </ClCompile>
    <ClCompile Include="ModuleAudio.cpp">
      <Filter>Game\Modules</Filter>
    </ClCompile>
    <ClCompile Include="ModuleEntitySystem.cpp">
      <Filter>Game\Modules</Filter>
    </ClCompile>
    <ClCompile Include="ModuleColliders.cpp">
      <Filter>Game\Modules</Filter>
    </ClCompile>
    <ClCompile Include="ModuleGUI.cpp">
      <Filter>Game\Modules</Filter>
    </ClCompile>
    <ClCompile Include="ModuleInput.cpp">
      <Filter>Game\Modules</Filter>
    </ClCompile>
    <ClCompile Include="ModuleMapGenerator.cpp">
      <Filter>Game\Modules</Filter>
    </ClCompile>
    <ClCompile Include="ModuleRender.cpp">
      <Filter>Game\Modules</Filter>
    </ClCompile>
    <ClCompile Include="ModuleTextures.cpp">
      <Filter>Game\Modules</Filter>
    </ClCompile>
    <ClCompile Include="ModuleWindow.cpp">
      <Filter>Game\Modules</Filter>
    </ClCompile>
    <ClCompile Include="Pathfinding.cpp">
      <Filter>Game\Modules</Filter>
    </ClCompile>
    <ClCompile Include="StaticEntity.cpp">
      <Filter>Game\Entities</Filter>
    </ClCompile>
    <ClCompile Include="PugiXml\src\pugixml.cpp">
      <Filter>Game\Helpers</Filter>
    </ClCompile>
    <ClCompile Include="Timer.cpp">
      <Filter>Game\Helpers</Filter>
    </ClCompile>
    <ClCompile Include="Slider.cpp">
      <Filter>Game\GUI</Filter>
    </ClCompile>
    <ClCompile Include="BossEntity.cpp">
      <Filter>Game\Entities\Dynamic Entities</Filter>
    </ClCompile>
    <ClCompile Include="Enemy_Footman.cpp">
      <Filter>Game\Entities\Dynamic Entities</Filter>
    </ClCompile>
    <ClCompile Include="EnemyEntity.cpp">
      <Filter>Game\Entities\Dynamic Entities</Filter>
    </ClCompile>
    <ClCompile Include="ChestEntity.cpp">
      <Filter>Game\Entities\Static Entities</Filter>
    </ClCompile>
    <ClCompile Include="ConsumableEntity.cpp">
      <Filter>Game\Entities\Static Entities</Filter>
    </ClCompile>
    <ClCompile Include="Item.cpp">
      <Filter>Game\Entities\Static Entities</Filter>
    </ClCompile>
    <ClCompile Include="PlayerEntity.cpp">
      <Filter>Game\Entities\Dynamic Entities</Filter>
    </ClCompile>
    <ClCompile Include="PortalEntity.cpp">
      <Filter>Game\Entities\Static Entities</Filter>
    </ClCompile>
    <ClCompile Include="Thrall.cpp">
      <Filter>Game\Entities\Dynamic Entities</Filter>
    </ClCompile>
    <ClCompile Include="ModulePrinter.cpp">
      <Filter>Game\Modules</Filter>
    </ClCompile>
    <ClCompile Include="GUIImage.cpp">
      <Filter>Game\GUI</Filter>
    </ClCompile>
    <ClCompile Include="Stat.cpp">
      <Filter>Game\GUI\Warcraft Specific</Filter>
    </ClCompile>
    <ClCompile Include="Enemy_Archer.cpp">
      <Filter>Game\Entities\Dynamic Entities</Filter>
    </ClCompile>
    <ClCompile Include="PlayerHPBar.cpp">
      <Filter>Game\GUI\Warcraft Specific</Filter>
    </ClCompile>
    <ClCompile Include="Application.cpp">
      <Filter>Game</Filter>
    </ClCompile>
    <ClCompile Include="Main.cpp">
      <Filter>Game</Filter>
    </ClCompile>
    <ClCompile Include="Scene.cpp">
      <Filter>Game</Filter>
    </ClCompile>
    <ClCompile Include="FoW.cpp">
      <Filter>FoW</Filter>
    </ClCompile>
  </ItemGroup>
  <ItemGroup>
    <ClInclude Include="Button.h">
      <Filter>Game\GUI</Filter>
    </ClInclude>
    <ClInclude Include="GUIElem.h">
      <Filter>Game\GUI</Filter>
    </ClInclude>
    <ClInclude Include="Animation.h">
      <Filter>Game\Helpers</Filter>
    </ClInclude>
    <ClInclude Include="Console.h">
      <Filter>Game\Modules</Filter>
    </ClInclude>
    <ClInclude Include="DynamicEntity.h">
      <Filter>Game\Entities</Filter>
    </ClInclude>
    <ClInclude Include="EntitiesEnums.h">
      <Filter>Game\Entities</Filter>
    </ClInclude>
    <ClInclude Include="Entity.h">
      <Filter>Game\Entities</Filter>
    </ClInclude>
    <ClInclude Include="FileSystem.h">
      <Filter>Game\Modules</Filter>
    </ClInclude>
    <ClInclude Include="Fonts.h">
      <Filter>Game\Modules</Filter>
    </ClInclude>
    <ClInclude Include="Globals.h">
      <Filter>Game\Helpers</Filter>
    </ClInclude>
    <ClInclude Include="GUIWindow.h">
      <Filter>Game\GUI</Filter>
    </ClInclude>
    <ClInclude Include="InputBox.h">
      <Filter>Game\GUI</Filter>
    </ClInclude>
    <ClInclude Include="Label.h">
      <Filter>Game\GUI</Filter>
    </ClInclude>
    <ClInclude Include="Log.h">
      <Filter>Game\Helpers</Filter>
    </ClInclude>
    <ClInclude Include="ModuleAudio.h">
      <Filter>Game\Modules</Filter>
    </ClInclude>
    <ClInclude Include="ModuleColliders.h">
      <Filter>Game\Modules</Filter>
    </ClInclude>
    <ClInclude Include="ModuleEntitySystem.h">
      <Filter>Game\Modules</Filter>
    </ClInclude>
    <ClInclude Include="ModuleGUI.h">
      <Filter>Game\Modules</Filter>
    </ClInclude>
    <ClInclude Include="ModuleInput.h">
      <Filter>Game\Modules</Filter>
    </ClInclude>
    <ClInclude Include="ModuleMapGenerator.h">
      <Filter>Game\Modules</Filter>
    </ClInclude>
    <ClInclude Include="ModuleRender.h">
      <Filter>Game\Modules</Filter>
    </ClInclude>
    <ClInclude Include="ModuleTextures.h">
      <Filter>Game\Modules</Filter>
    </ClInclude>
    <ClInclude Include="ModuleWindow.h">
      <Filter>Game\Modules</Filter>
    </ClInclude>
    <ClInclude Include="Pathfinding.h">
      <Filter>Game\Modules</Filter>
    </ClInclude>
    <ClInclude Include="p2Defs.h">
      <Filter>Game\Helpers</Filter>
    </ClInclude>
    <ClInclude Include="p2Point.h">
      <Filter>Game\Helpers</Filter>
    </ClInclude>
    <ClInclude Include="StaticEntity.h">
      <Filter>Game\Entities</Filter>
    </ClInclude>
    <ClInclude Include="PugiXml\src\pugiconfig.hpp">
      <Filter>Game\Helpers</Filter>
    </ClInclude>
    <ClInclude Include="PugiXml\src\pugixml.hpp">
      <Filter>Game\Helpers</Filter>
    </ClInclude>
    <ClInclude Include="Timer.h">
      <Filter>Game\Helpers</Filter>
    </ClInclude>
    <ClInclude Include="Slider.h">
      <Filter>Game\GUI</Filter>
    </ClInclude>
    <ClInclude Include="BossEntity.h">
      <Filter>Game\Entities\Dynamic Entities</Filter>
    </ClInclude>
    <ClInclude Include="Enemy_Footman.h">
      <Filter>Game\Entities\Dynamic Entities</Filter>
    </ClInclude>
    <ClInclude Include="EnemyEntity.h">
      <Filter>Game\Entities\Dynamic Entities</Filter>
    </ClInclude>
    <ClInclude Include="ChestEntity.h">
      <Filter>Game\Entities\Static Entities</Filter>
    </ClInclude>
    <ClInclude Include="ConsumableEntity.h">
      <Filter>Game\Entities\Static Entities</Filter>
    </ClInclude>
    <ClInclude Include="Item.h">
      <Filter>Game\Entities\Static Entities</Filter>
    </ClInclude>
    <ClInclude Include="PlayerEntity.h">
      <Filter>Game\Entities\Dynamic Entities</Filter>
    </ClInclude>
    <ClInclude Include="Thrall.h">
      <Filter>Game\Entities\Dynamic Entities</Filter>
    </ClInclude>
    <ClInclude Include="PortalEntity.h">
      <Filter>Game\Entities\Static Entities</Filter>
    </ClInclude>
    <ClInclude Include="ModulePrinter.h">
      <Filter>Game\Modules</Filter>
    </ClInclude>
    <ClInclude Include="GUIImage.h">
      <Filter>Game\GUI</Filter>
    </ClInclude>
    <ClInclude Include="Stat.h">
      <Filter>Game\GUI\Warcraft Specific</Filter>
    </ClInclude>
    <ClInclude Include="Enemy_Archer.h">
      <Filter>Game\Entities\Dynamic Entities</Filter>
    </ClInclude>
    <ClInclude Include="PlayerHPBar.h">
      <Filter>Game\GUI\Warcraft Specific</Filter>
    </ClInclude>
    <ClInclude Include="Scene.h">
      <Filter>Game</Filter>
    </ClInclude>
    <ClInclude Include="Application.h">
      <Filter>Game</Filter>
    </ClInclude>
    <ClInclude Include="Module.h">
      <Filter>Game</Filter>
    </ClInclude>
    <ClInclude Include="FoW.h">
      <Filter>FoW</Filter>
    </ClInclude>
  </ItemGroup>
  <ItemGroup>
    <Filter Include="Game">
      <UniqueIdentifier>{cae9fc6c-d8e4-49fa-a65a-d294a7d61e7b}</UniqueIdentifier>
    </Filter>
    <Filter Include="FoW">
      <UniqueIdentifier>{ce485f44-dabc-4040-8ec6-428ac1667d11}</UniqueIdentifier>
    </Filter>
    <Filter Include="Game\Modules">
      <UniqueIdentifier>{2447cab7-8f4a-4270-bf8f-a28f3985bf56}</UniqueIdentifier>
    </Filter>
    <Filter Include="Game\Entities">
      <UniqueIdentifier>{9aeb19c3-6b29-42c2-a6e6-5a6c92129295}</UniqueIdentifier>
    </Filter>
    <Filter Include="Game\Entities\Dynamic Entities">
      <UniqueIdentifier>{37c81e92-729e-406c-9a04-6e43ebae08b6}</UniqueIdentifier>
    </Filter>
    <Filter Include="Game\Entities\Static Entities">
      <UniqueIdentifier>{93bbfb31-6dae-4cff-89d6-b7ecc916c4dd}</UniqueIdentifier>
    </Filter>
    <Filter Include="Game\GUI">
      <UniqueIdentifier>{f49a21f8-0db6-4222-b7d8-062a70a313f2}</UniqueIdentifier>
    </Filter>
    <Filter Include="Game\GUI\Warcraft Specific">
      <UniqueIdentifier>{a44ceca3-55bf-4adb-bcf5-e831248165a6}</UniqueIdentifier>
    </Filter>
    <Filter Include="Game\Helpers">
      <UniqueIdentifier>{badd3289-8c8c-4cb8-8520-2bfaeda885be}</UniqueIdentifier>
    </Filter>
  </ItemGroup>
  <ItemGroup>
    <Xml Include="..\Game\config.xml">
      <Filter>Game</Filter>
    </Xml>
  </ItemGroup>
</Project>